<Solution>
  <Folder Name="/src/">
    <Project Path="src/Inventory.Api/Inventory.Api.csproj" />
  </Folder>
  <Folder Name="/tests/">
    <Project Path="tests/Inventory.IntegrationTests/Inventory.IntegrationTests.csproj" />
    <Project Path="tests/Inventory.UnitTests/Inventory.UnitTests.csproj" />
  </Folder>
</Solution>
